
Microsoft Visual Studio Solution File, Format Version 12.00
# Visual Studio Version 17
VisualStudioVersion = 17.14.36414.22 d17.14
MinimumVisualStudioVersion = 10.0.40219.1
Project("{FAE04EC0-301F-11D3-BF4B-00C04F79EFBC}") = "Старцева1", "Старцева1.csproj", "{D01DE5BD-CACC-44BC-B73F-0D47873519DE}"
EndProject
Global
	GlobalSection(SolutionConfigurationPlatforms) = preSolution
		Debug|Any CPU = Debug|Any CPU
		Release|Any CPU = Release|Any CPU
	EndGlobalSection
	GlobalSection(ProjectConfigurationPlatforms) = postSolution
		{D01DE5BD-CACC-44BC-B73F-0D47873519DE}.Debug|Any CPU.ActiveCfg = Debug|Any CPU
		{D01DE5BD-CACC-44BC-B73F-0D47873519DE}.Debug|Any CPU.Build.0 = Debug|Any CPU
		{D01DE5BD-CACC-44BC-B73F-0D47873519DE}.Release|Any CPU.ActiveCfg = Release|Any CPU
		{D01DE5BD-CACC-44BC-B73F-0D47873519DE}.Release|Any CPU.Build.0 = Release|Any CPU
	EndGlobalSection
	GlobalSection(SolutionProperties) = preSolution
		HideSolutionNode = FALSE
	EndGlobalSection
	GlobalSection(ExtensibilityGlobals) = postSolution
		SolutionGuid = {69541764-1597-486D-A145-F018D7FAAE79}
	EndGlobalSection
EndGlobal
